schema-version = 2
project-vendor = "Bottlerocket"

[sdk]
name = "bottlerocket-sdk"
version = "0.73.0"
vendor = "bottlerocket"
source = "public.ecr.aws/bottlerocket/bottlerocket-sdk:v0.73.0"
digest = "0eWj4taxRMckHeUNLcPSAS8dYNessdJrDR1+poSjqM4="

[[kit]]
name = "bottlerocket-kernel-kit"
version = "5.4.0"
vendor = "local"
source = "localhost:6967/bottlerocket-kernel-kit:v5.4.0"
digest = "3fuf3CNUJYpDstK/bO7417r6Pp0kQ3iOMdeCxhxPf4M="

[[kit]]
name = "bottlerocket-core-kit"
version = "14.2.0"
vendor = "local"
source = "localhost:6967/bottlerocket-core-kit:v14.2.0"
digest = "ZF9IRNRdB9qoTsntD4cGB8THbmNx0VzllorjxlWkVCU="
